// !$*UTF8*$!
{
	archiveVersion = 1;
	classes = {
	};
	objectVersion = 56;
	objects = {

/* Begin PBXBuildFile section */
		814BC1C52B7C262200B830C2 /* GFUserInfoHeaderVC.swift in Sources */ = {isa = PBXBuildFile; fileRef = 814BC1C42B7C262200B830C2 /* GFUserInfoHeaderVC.swift */; };
		814BC1C72B7C265200B830C2 /* GFSecondaryTitleLabel.swift in Sources */ = {isa = PBXBuildFile; fileRef = 814BC1C62B7C265200B830C2 /* GFSecondaryTitleLabel.swift */; };
		814BC1C92B7C2F4F00B830C2 /* Constants.swift in Sources */ = {isa = PBXBuildFile; fileRef = 814BC1C82B7C2F4F00B830C2 /* Constants.swift */; };
		8171FF8D2B65462D004461ED /* UserInfoVC.swift in Sources */ = {isa = PBXBuildFile; fileRef = 8171FF8C2B65462D004461ED /* UserInfoVC.swift */; };
		818381642B46212A001C261E /* AppDelegate.swift in Sources */ = {isa = PBXBuildFile; fileRef = 818381632B46212A001C261E /* AppDelegate.swift */; };
		818381662B46212A001C261E /* SceneDelegate.swift in Sources */ = {isa = PBXBuildFile; fileRef = 818381652B46212A001C261E /* SceneDelegate.swift */; };
		818381682B46212A001C261E /* SearchVC.swift in Sources */ = {isa = PBXBuildFile; fileRef = 818381672B46212A001C261E /* SearchVC.swift */; };
		8183816D2B462130001C261E /* Assets.xcassets in Resources */ = {isa = PBXBuildFile; fileRef = 8183816C2B462130001C261E /* Assets.xcassets */; };
		818381702B462130001C261E /* LaunchScreen.storyboard in Resources */ = {isa = PBXBuildFile; fileRef = 8183816E2B462130001C261E /* LaunchScreen.storyboard */; };
		818381982B484FA7001C261E /* FavoritesListVC.swift in Sources */ = {isa = PBXBuildFile; fileRef = 818381972B484FA7001C261E /* FavoritesListVC.swift */; };
		8183819A2B4AAE49001C261E /* GFButton.swift in Sources */ = {isa = PBXBuildFile; fileRef = 818381992B4AAE49001C261E /* GFButton.swift */; };
		8183819C2B4ACDA1001C261E /* GFTextField.swift in Sources */ = {isa = PBXBuildFile; fileRef = 8183819B2B4ACDA1001C261E /* GFTextField.swift */; };
		8183819E2B4C22EF001C261E /* FollowerListVC.swift in Sources */ = {isa = PBXBuildFile; fileRef = 8183819D2B4C22EF001C261E /* FollowerListVC.swift */; };
		818381A02B4C2BF7001C261E /* GFTitleLabel.swift in Sources */ = {isa = PBXBuildFile; fileRef = 8183819F2B4C2BF7001C261E /* GFTitleLabel.swift */; };
		818381A22B4C2E8F001C261E /* GFBodyLabel.swift in Sources */ = {isa = PBXBuildFile; fileRef = 818381A12B4C2E8F001C261E /* GFBodyLabel.swift */; };
		818381A42B4D90FF001C261E /* GFAlertVC.swift in Sources */ = {isa = PBXBuildFile; fileRef = 818381A32B4D90FF001C261E /* GFAlertVC.swift */; };
		818381A62B4D9B9F001C261E /* UIViewController+Extension.swift in Sources */ = {isa = PBXBuildFile; fileRef = 818381A52B4D9B9F001C261E /* UIViewController+Extension.swift */; };
		81EED6F62B54296A00B9DD09 /* Follower.swift in Sources */ = {isa = PBXBuildFile; fileRef = 81EED6F52B54296A00B9DD09 /* Follower.swift */; };
		81EED6F82B542A4300B9DD09 /* User.swift in Sources */ = {isa = PBXBuildFile; fileRef = 81EED6F72B542A4300B9DD09 /* User.swift */; };
		81EED6FB2B55714000B9DD09 /* NetworkManager.swift in Sources */ = {isa = PBXBuildFile; fileRef = 81EED6FA2B55713F00B9DD09 /* NetworkManager.swift */; };
		81EED6FE2B557E0600B9DD09 /* GFError.swift in Sources */ = {isa = PBXBuildFile; fileRef = 81EED6FD2B557E0600B9DD09 /* GFError.swift */; };
		81EED7012B58124E00B9DD09 /* FollowerCell.swift in Sources */ = {isa = PBXBuildFile; fileRef = 81EED7002B58124E00B9DD09 /* FollowerCell.swift */; };
		81EED7032B5812CC00B9DD09 /* GFAvatarImageView.swift in Sources */ = {isa = PBXBuildFile; fileRef = 81EED7022B5812CC00B9DD09 /* GFAvatarImageView.swift */; };
		81EED7052B58324000B9DD09 /* UIHelper.swift in Sources */ = {isa = PBXBuildFile; fileRef = 81EED7042B58324000B9DD09 /* UIHelper.swift */; };
		81EED70D2B5AC8D700B9DD09 /* GFEmptyStateView.swift in Sources */ = {isa = PBXBuildFile; fileRef = 81EED70C2B5AC8D700B9DD09 /* GFEmptyStateView.swift */; };
/* End PBXBuildFile section */

/* Begin PBXFileReference section */
		814BC1C42B7C262200B830C2 /* GFUserInfoHeaderVC.swift */ = {isa = PBXFileReference; lastKnownFileType = sourcecode.swift; path = GFUserInfoHeaderVC.swift; sourceTree = "<group>"; };
		814BC1C62B7C265200B830C2 /* GFSecondaryTitleLabel.swift */ = {isa = PBXFileReference; lastKnownFileType = sourcecode.swift; path = GFSecondaryTitleLabel.swift; sourceTree = "<group>"; };
		814BC1C82B7C2F4F00B830C2 /* Constants.swift */ = {isa = PBXFileReference; lastKnownFileType = sourcecode.swift; path = Constants.swift; sourceTree = "<group>"; };
		8171FF8C2B65462D004461ED /* UserInfoVC.swift */ = {isa = PBXFileReference; lastKnownFileType = sourcecode.swift; path = UserInfoVC.swift; sourceTree = "<group>"; };
		818381602B46212A001C261E /* GitFollowers.app */ = {isa = PBXFileReference; explicitFileType = wrapper.application; includeInIndex = 0; path = GitFollowers.app; sourceTree = BUILT_PRODUCTS_DIR; };
		818381632B46212A001C261E /* AppDelegate.swift */ = {isa = PBXFileReference; lastKnownFileType = sourcecode.swift; path = AppDelegate.swift; sourceTree = "<group>"; };
		818381652B46212A001C261E /* SceneDelegate.swift */ = {isa = PBXFileReference; lastKnownFileType = sourcecode.swift; path = SceneDelegate.swift; sourceTree = "<group>"; };
		818381672B46212A001C261E /* SearchVC.swift */ = {isa = PBXFileReference; lastKnownFileType = sourcecode.swift; path = SearchVC.swift; sourceTree = "<group>"; };
		8183816C2B462130001C261E /* Assets.xcassets */ = {isa = PBXFileReference; lastKnownFileType = folder.assetcatalog; path = Assets.xcassets; sourceTree = "<group>"; };
		8183816F2B462130001C261E /* Base */ = {isa = PBXFileReference; lastKnownFileType = file.storyboard; name = Base; path = Base.lproj/LaunchScreen.storyboard; sourceTree = "<group>"; };
		818381712B462130001C261E /* Info.plist */ = {isa = PBXFileReference; lastKnownFileType = text.plist.xml; path = Info.plist; sourceTree = "<group>"; };
		818381972B484FA7001C261E /* FavoritesListVC.swift */ = {isa = PBXFileReference; lastKnownFileType = sourcecode.swift; path = FavoritesListVC.swift; sourceTree = "<group>"; };
		818381992B4AAE49001C261E /* GFButton.swift */ = {isa = PBXFileReference; lastKnownFileType = sourcecode.swift; path = GFButton.swift; sourceTree = "<group>"; };
		8183819B2B4ACDA1001C261E /* GFTextField.swift */ = {isa = PBXFileReference; lastKnownFileType = sourcecode.swift; path = GFTextField.swift; sourceTree = "<group>"; };
		8183819D2B4C22EF001C261E /* FollowerListVC.swift */ = {isa = PBXFileReference; lastKnownFileType = sourcecode.swift; path = FollowerListVC.swift; sourceTree = "<group>"; };
		8183819F2B4C2BF7001C261E /* GFTitleLabel.swift */ = {isa = PBXFileReference; lastKnownFileType = sourcecode.swift; path = GFTitleLabel.swift; sourceTree = "<group>"; };
		818381A12B4C2E8F001C261E /* GFBodyLabel.swift */ = {isa = PBXFileReference; lastKnownFileType = sourcecode.swift; path = GFBodyLabel.swift; sourceTree = "<group>"; };
		818381A32B4D90FF001C261E /* GFAlertVC.swift */ = {isa = PBXFileReference; lastKnownFileType = sourcecode.swift; path = GFAlertVC.swift; sourceTree = "<group>"; };
		818381A52B4D9B9F001C261E /* UIViewController+Extension.swift */ = {isa = PBXFileReference; lastKnownFileType = sourcecode.swift; path = "UIViewController+Extension.swift"; sourceTree = "<group>"; };
		81EED6F52B54296A00B9DD09 /* Follower.swift */ = {isa = PBXFileReference; lastKnownFileType = sourcecode.swift; path = Follower.swift; sourceTree = "<group>"; };
		81EED6F72B542A4300B9DD09 /* User.swift */ = {isa = PBXFileReference; lastKnownFileType = sourcecode.swift; path = User.swift; sourceTree = "<group>"; };
		81EED6FA2B55713F00B9DD09 /* NetworkManager.swift */ = {isa = PBXFileReference; lastKnownFileType = sourcecode.swift; path = NetworkManager.swift; sourceTree = "<group>"; };
		81EED6FD2B557E0600B9DD09 /* GFError.swift */ = {isa = PBXFileReference; lastKnownFileType = sourcecode.swift; path = GFError.swift; sourceTree = "<group>"; };
		81EED7002B58124E00B9DD09 /* FollowerCell.swift */ = {isa = PBXFileReference; lastKnownFileType = sourcecode.swift; path = FollowerCell.swift; sourceTree = "<group>"; };
		81EED7022B5812CC00B9DD09 /* GFAvatarImageView.swift */ = {isa = PBXFileReference; lastKnownFileType = sourcecode.swift; path = GFAvatarImageView.swift; sourceTree = "<group>"; };
		81EED7042B58324000B9DD09 /* UIHelper.swift */ = {isa = PBXFileReference; lastKnownFileType = sourcecode.swift; path = UIHelper.swift; sourceTree = "<group>"; };
		81EED70C2B5AC8D700B9DD09 /* GFEmptyStateView.swift */ = {isa = PBXFileReference; lastKnownFileType = sourcecode.swift; path = GFEmptyStateView.swift; sourceTree = "<group>"; };
/* End PBXFileReference section */

/* Begin PBXFrameworksBuildPhase section */
		8183815D2B46212A001C261E /* Frameworks */ = {
			isa = PBXFrameworksBuildPhase;
			buildActionMask = 2147483647;
			files = (
			);
			runOnlyForDeploymentPostprocessing = 0;
		};
/* End PBXFrameworksBuildPhase section */

/* Begin PBXGroup section */
		818381572B46212A001C261E = {
			isa = PBXGroup;
			children = (
				818381622B46212A001C261E /* GitFollowers */,
				818381612B46212A001C261E /* Products */,
			);
			sourceTree = "<group>";
		};
		818381612B46212A001C261E /* Products */ = {
			isa = PBXGroup;
			children = (
				818381602B46212A001C261E /* GitFollowers.app */,
			);
			name = Products;
			sourceTree = "<group>";
		};
		818381622B46212A001C261E /* GitFollowers */ = {
			isa = PBXGroup;
			children = (
				818381AA2B5038BD001C261E /* Support */,
				81EED6FC2B557D9B00B9DD09 /* Utilities */,
				818381712B462130001C261E /* Info.plist */,
				81EED6F42B54295800B9DD09 /* Model */,
				81EED6F92B55712400B9DD09 /* Managers */,
				818381A92B50385B001C261E /* Extensions */,
				818381A82B50380E001C261E /* Custom Views */,
				818381A72B50379E001C261E /* Screens */,
			);
			path = GitFollowers;
			sourceTree = "<group>";
		};
		818381A72B50379E001C261E /* Screens */ = {
			isa = PBXGroup;
			children = (
				818381672B46212A001C261E /* SearchVC.swift */,
				8183819D2B4C22EF001C261E /* FollowerListVC.swift */,
				818381972B484FA7001C261E /* FavoritesListVC.swift */,
				8171FF8C2B65462D004461ED /* UserInfoVC.swift */,
			);
			path = Screens;
			sourceTree = "<group>";
		};
		818381A82B50380E001C261E /* Custom Views */ = {
			isa = PBXGroup;
			children = (
				81EED70B2B5AC8A400B9DD09 /* ImageViews */,
				81EED70A2B5AC89400B9DD09 /* Labels */,
				81EED7092B5AC87000B9DD09 /* ViewConrollers */,
				81EED7082B5AC84500B9DD09 /* Buttons */,
				81EED7072B5AC83C00B9DD09 /* TextFields */,
				81EED7062B5AC82200B9DD09 /* Views */,
				81EED6FF2B58122500B9DD09 /* Cells */,
			);
			path = "Custom Views";
			sourceTree = "<group>";
		};
		818381A92B50385B001C261E /* Extensions */ = {
			isa = PBXGroup;
			children = (
				818381A52B4D9B9F001C261E /* UIViewController+Extension.swift */,
			);
			path = Extensions;
			sourceTree = "<group>";
		};
		818381AA2B5038BD001C261E /* Support */ = {
			isa = PBXGroup;
			children = (
				818381632B46212A001C261E /* AppDelegate.swift */,
				818381652B46212A001C261E /* SceneDelegate.swift */,
				8183816C2B462130001C261E /* Assets.xcassets */,
				8183816E2B462130001C261E /* LaunchScreen.storyboard */,
			);
			path = Support;
			sourceTree = "<group>";
		};
		81EED6F42B54295800B9DD09 /* Model */ = {
			isa = PBXGroup;
			children = (
				81EED6F52B54296A00B9DD09 /* Follower.swift */,
				81EED6F72B542A4300B9DD09 /* User.swift */,
			);
			path = Model;
			sourceTree = "<group>";
		};
		81EED6F92B55712400B9DD09 /* Managers */ = {
			isa = PBXGroup;
			children = (
				81EED6FA2B55713F00B9DD09 /* NetworkManager.swift */,
			);
			path = Managers;
			sourceTree = "<group>";
		};
		81EED6FC2B557D9B00B9DD09 /* Utilities */ = {
			isa = PBXGroup;
			children = (
				81EED6FD2B557E0600B9DD09 /* GFError.swift */,
				81EED7042B58324000B9DD09 /* UIHelper.swift */,
				814BC1C82B7C2F4F00B830C2 /* Constants.swift */,
			);
			path = Utilities;
			sourceTree = "<group>";
		};
		81EED6FF2B58122500B9DD09 /* Cells */ = {
			isa = PBXGroup;
			children = (
				81EED7002B58124E00B9DD09 /* FollowerCell.swift */,
			);
			path = Cells;
			sourceTree = "<group>";
		};
		81EED7062B5AC82200B9DD09 /* Views */ = {
			isa = PBXGroup;
			children = (
				81EED70C2B5AC8D700B9DD09 /* GFEmptyStateView.swift */,
			);
			path = Views;
			sourceTree = "<group>";
		};
		81EED7072B5AC83C00B9DD09 /* TextFields */ = {
			isa = PBXGroup;
			children = (
				8183819B2B4ACDA1001C261E /* GFTextField.swift */,
			);
			path = TextFields;
			sourceTree = "<group>";
		};
		81EED7082B5AC84500B9DD09 /* Buttons */ = {
			isa = PBXGroup;
			children = (
				818381992B4AAE49001C261E /* GFButton.swift */,
			);
			path = Buttons;
			sourceTree = "<group>";
		};
		81EED7092B5AC87000B9DD09 /* ViewConrollers */ = {
			isa = PBXGroup;
			children = (
				818381A32B4D90FF001C261E /* GFAlertVC.swift */,
				814BC1C42B7C262200B830C2 /* GFUserInfoHeaderVC.swift */,
			);
			path = ViewConrollers;
			sourceTree = "<group>";
		};
		81EED70A2B5AC89400B9DD09 /* Labels */ = {
			isa = PBXGroup;
			children = (
				8183819F2B4C2BF7001C261E /* GFTitleLabel.swift */,
				818381A12B4C2E8F001C261E /* GFBodyLabel.swift */,
				814BC1C62B7C265200B830C2 /* GFSecondaryTitleLabel.swift */,
			);
			path = Labels;
			sourceTree = "<group>";
		};
		81EED70B2B5AC8A400B9DD09 /* ImageViews */ = {
			isa = PBXGroup;
			children = (
				81EED7022B5812CC00B9DD09 /* GFAvatarImageView.swift */,
			);
			path = ImageViews;
			sourceTree = "<group>";
		};
/* End PBXGroup section */

/* Begin PBXNativeTarget section */
		8183815F2B46212A001C261E /* GitFollowers */ = {
			isa = PBXNativeTarget;
			buildConfigurationList = 818381742B462130001C261E /* Build configuration list for PBXNativeTarget "GitFollowers" */;
			buildPhases = (
				8183815C2B46212A001C261E /* Sources */,
				8183815D2B46212A001C261E /* Frameworks */,
				8183815E2B46212A001C261E /* Resources */,
			);
			buildRules = (
			);
			dependencies = (
			);
			name = GitFollowers;
			productName = GitFollowers;
			productReference = 818381602B46212A001C261E /* GitFollowers.app */;
			productType = "com.apple.product-type.application";
		};
/* End PBXNativeTarget section */

/* Begin PBXProject section */
		818381582B46212A001C261E /* Project object */ = {
			isa = PBXProject;
			attributes = {
				BuildIndependentTargetsInParallel = 1;
				LastSwiftUpdateCheck = 1500;
				LastUpgradeCheck = 1500;
				TargetAttributes = {
					8183815F2B46212A001C261E = {
						CreatedOnToolsVersion = 15.0.1;
					};
				};
			};
			buildConfigurationList = 8183815B2B46212A001C261E /* Build configuration list for PBXProject "GitFollowers" */;
			compatibilityVersion = "Xcode 14.0";
			developmentRegion = en;
			hasScannedForEncodings = 0;
			knownRegions = (
				en,
				Base,
			);
			mainGroup = 818381572B46212A001C261E;
			productRefGroup = 818381612B46212A001C261E /* Products */;
			projectDirPath = "";
			projectRoot = "";
			targets = (
				8183815F2B46212A001C261E /* GitFollowers */,
			);
		};
/* End PBXProject section */

/* Begin PBXResourcesBuildPhase section */
		8183815E2B46212A001C261E /* Resources */ = {
			isa = PBXResourcesBuildPhase;
			buildActionMask = 2147483647;
			files = (
				818381702B462130001C261E /* LaunchScreen.storyboard in Resources */,
				8183816D2B462130001C261E /* Assets.xcassets in Resources */,
			);
			runOnlyForDeploymentPostprocessing = 0;
		};
/* End PBXResourcesBuildPhase section */

/* Begin PBXSourcesBuildPhase section */
		8183815C2B46212A001C261E /* Sources */ = {
			isa = PBXSourcesBuildPhase;
			buildActionMask = 2147483647;
			files = (
				81EED6F82B542A4300B9DD09 /* User.swift in Sources */,
				8183819C2B4ACDA1001C261E /* GFTextField.swift in Sources */,
				818381A62B4D9B9F001C261E /* UIViewController+Extension.swift in Sources */,
				818381982B484FA7001C261E /* FavoritesListVC.swift in Sources */,
				8183819A2B4AAE49001C261E /* GFButton.swift in Sources */,
				81EED7052B58324000B9DD09 /* UIHelper.swift in Sources */,
				814BC1C92B7C2F4F00B830C2 /* Constants.swift in Sources */,
				81EED7032B5812CC00B9DD09 /* GFAvatarImageView.swift in Sources */,
				818381682B46212A001C261E /* SearchVC.swift in Sources */,
				818381A42B4D90FF001C261E /* GFAlertVC.swift in Sources */,
				81EED7012B58124E00B9DD09 /* FollowerCell.swift in Sources */,
				81EED6FE2B557E0600B9DD09 /* GFError.swift in Sources */,
				814BC1C52B7C262200B830C2 /* GFUserInfoHeaderVC.swift in Sources */,
				818381A22B4C2E8F001C261E /* GFBodyLabel.swift in Sources */,
				81EED6F62B54296A00B9DD09 /* Follower.swift in Sources */,
				818381A02B4C2BF7001C261E /* GFTitleLabel.swift in Sources */,
				814BC1C72B7C265200B830C2 /* GFSecondaryTitleLabel.swift in Sources */,
				81EED70D2B5AC8D700B9DD09 /* GFEmptyStateView.swift in Sources */,
				81EED6FB2B55714000B9DD09 /* NetworkManager.swift in Sources */,
				8183819E2B4C22EF001C261E /* FollowerListVC.swift in Sources */,
				818381642B46212A001C261E /* AppDelegate.swift in Sources */,
				818381662B46212A001C261E /* SceneDelegate.swift in Sources */,
				8171FF8D2B65462D004461ED /* UserInfoVC.swift in Sources */,
			);
			runOnlyForDeploymentPostprocessing = 0;
		};
/* End PBXSourcesBuildPhase section */

/* Begin PBXVariantGroup section */
		8183816E2B462130001C261E /* LaunchScreen.storyboard */ = {
			isa = PBXVariantGroup;
			children = (
				8183816F2B462130001C261E /* Base */,
			);
			name = LaunchScreen.storyboard;
			sourceTree = "<group>";
		};
/* End PBXVariantGroup section */

/* Begin XCBuildConfiguration section */
		818381722B462130001C261E /* Debug */ = {
			isa = XCBuildConfiguration;
			buildSettings = {
				ALWAYS_SEARCH_USER_PATHS = NO;
				ASSETCATALOG_COMPILER_GENERATE_SWIFT_ASSET_SYMBOL_EXTENSIONS = YES;
				CLANG_ANALYZER_NONNULL = YES;
				CLANG_ANALYZER_NUMBER_OBJECT_CONVERSION = YES_AGGRESSIVE;
				CLANG_CXX_LANGUAGE_STANDARD = "gnu++20";
				CLANG_ENABLE_MODULES = YES;
				CLANG_ENABLE_OBJC_ARC = YES;
				CLANG_ENABLE_OBJC_WEAK = YES;
				CLANG_WARN_BLOCK_CAPTURE_AUTORELEASING = YES;
				CLANG_WARN_BOOL_CONVERSION = YES;
				CLANG_WARN_COMMA = YES;
				CLANG_WARN_CONSTANT_CONVERSION = YES;
				CLANG_WARN_DEPRECATED_OBJC_IMPLEMENTATIONS = YES;
				CLANG_WARN_DIRECT_OBJC_ISA_USAGE = YES_ERROR;
				CLANG_WARN_DOCUMENTATION_COMMENTS = YES;
				CLANG_WARN_EMPTY_BODY = YES;
				CLANG_WARN_ENUM_CONVERSION = YES;
				CLANG_WARN_INFINITE_RECURSION = YES;
				CLANG_WARN_INT_CONVERSION = YES;
				CLANG_WARN_NON_LITERAL_NULL_CONVERSION = YES;
				CLANG_WARN_OBJC_IMPLICIT_RETAIN_SELF = YES;
				CLANG_WARN_OBJC_LITERAL_CONVERSION = YES;
				CLANG_WARN_OBJC_ROOT_CLASS = YES_ERROR;
				CLANG_WARN_QUOTED_INCLUDE_IN_FRAMEWORK_HEADER = YES;
				CLANG_WARN_RANGE_LOOP_ANALYSIS = YES;
				CLANG_WARN_STRICT_PROTOTYPES = YES;
				CLANG_WARN_SUSPICIOUS_MOVE = YES;
				CLANG_WARN_UNGUARDED_AVAILABILITY = YES_AGGRESSIVE;
				CLANG_WARN_UNREACHABLE_CODE = YES;
				CLANG_WARN__DUPLICATE_METHOD_MATCH = YES;
				COPY_PHASE_STRIP = NO;
				DEBUG_INFORMATION_FORMAT = dwarf;
				ENABLE_STRICT_OBJC_MSGSEND = YES;
				ENABLE_TESTABILITY = YES;
				ENABLE_USER_SCRIPT_SANDBOXING = YES;
				GCC_C_LANGUAGE_STANDARD = gnu17;
				GCC_DYNAMIC_NO_PIC = NO;
				GCC_NO_COMMON_BLOCKS = YES;
				GCC_OPTIMIZATION_LEVEL = 0;
				GCC_PREPROCESSOR_DEFINITIONS = (
					"DEBUG=1",
					"$(inherited)",
				);
				GCC_WARN_64_TO_32_BIT_CONVERSION = YES;
				GCC_WARN_ABOUT_RETURN_TYPE = YES_ERROR;
				GCC_WARN_UNDECLARED_SELECTOR = YES;
				GCC_WARN_UNINITIALIZED_AUTOS = YES_AGGRESSIVE;
				GCC_WARN_UNUSED_FUNCTION = YES;
				GCC_WARN_UNUSED_VARIABLE = YES;
				IPHONEOS_DEPLOYMENT_TARGET = 17.0;
				LOCALIZATION_PREFERS_STRING_CATALOGS = YES;
				MTL_ENABLE_DEBUG_INFO = INCLUDE_SOURCE;
				MTL_FAST_MATH = YES;
				ONLY_ACTIVE_ARCH = YES;
				SDKROOT = iphoneos;
				SWIFT_ACTIVE_COMPILATION_CONDITIONS = "DEBUG $(inherited)";
				SWIFT_OPTIMIZATION_LEVEL = "-Onone";
			};
			name = Debug;
		};
		818381732B462130001C261E /* Release */ = {
			isa = XCBuildConfiguration;
			buildSettings = {
				ALWAYS_SEARCH_USER_PATHS = NO;
				ASSETCATALOG_COMPILER_GENERATE_SWIFT_ASSET_SYMBOL_EXTENSIONS = YES;
				CLANG_ANALYZER_NONNULL = YES;
				CLANG_ANALYZER_NUMBER_OBJECT_CONVERSION = YES_AGGRESSIVE;
				CLANG_CXX_LANGUAGE_STANDARD = "gnu++20";
				CLANG_ENABLE_MODULES = YES;
				CLANG_ENABLE_OBJC_ARC = YES;
				CLANG_ENABLE_OBJC_WEAK = YES;
				CLANG_WARN_BLOCK_CAPTURE_AUTORELEASING = YES;
				CLANG_WARN_BOOL_CONVERSION = YES;
				CLANG_WARN_COMMA = YES;
				CLANG_WARN_CONSTANT_CONVERSION = YES;
				CLANG_WARN_DEPRECATED_OBJC_IMPLEMENTATIONS = YES;
				CLANG_WARN_DIRECT_OBJC_ISA_USAGE = YES_ERROR;
				CLANG_WARN_DOCUMENTATION_COMMENTS = YES;
				CLANG_WARN_EMPTY_BODY = YES;
				CLANG_WARN_ENUM_CONVERSION = YES;
				CLANG_WARN_INFINITE_RECURSION = YES;
				CLANG_WARN_INT_CONVERSION = YES;
				CLANG_WARN_NON_LITERAL_NULL_CONVERSION = YES;
				CLANG_WARN_OBJC_IMPLICIT_RETAIN_SELF = YES;
				CLANG_WARN_OBJC_LITERAL_CONVERSION = YES;
				CLANG_WARN_OBJC_ROOT_CLASS = YES_ERROR;
				CLANG_WARN_QUOTED_INCLUDE_IN_FRAMEWORK_HEADER = YES;
				CLANG_WARN_RANGE_LOOP_ANALYSIS = YES;
				CLANG_WARN_STRICT_PROTOTYPES = YES;
				CLANG_WARN_SUSPICIOUS_MOVE = YES;
				CLANG_WARN_UNGUARDED_AVAILABILITY = YES_AGGRESSIVE;
				CLANG_WARN_UNREACHABLE_CODE = YES;
				CLANG_WARN__DUPLICATE_METHOD_MATCH = YES;
				COPY_PHASE_STRIP = NO;
				DEBUG_INFORMATION_FORMAT = "dwarf-with-dsym";
				ENABLE_NS_ASSERTIONS = NO;
				ENABLE_STRICT_OBJC_MSGSEND = YES;
				ENABLE_USER_SCRIPT_SANDBOXING = YES;
				GCC_C_LANGUAGE_STANDARD = gnu17;
				GCC_NO_COMMON_BLOCKS = YES;
				GCC_WARN_64_TO_32_BIT_CONVERSION = YES;
				GCC_WARN_ABOUT_RETURN_TYPE = YES_ERROR;
				GCC_WARN_UNDECLARED_SELECTOR = YES;
				GCC_WARN_UNINITIALIZED_AUTOS = YES_AGGRESSIVE;
				GCC_WARN_UNUSED_FUNCTION = YES;
				GCC_WARN_UNUSED_VARIABLE = YES;
				IPHONEOS_DEPLOYMENT_TARGET = 17.0;
				LOCALIZATION_PREFERS_STRING_CATALOGS = YES;
				MTL_ENABLE_DEBUG_INFO = NO;
				MTL_FAST_MATH = YES;
				SDKROOT = iphoneos;
				SWIFT_COMPILATION_MODE = wholemodule;
				VALIDATE_PRODUCT = YES;
			};
			name = Release;
		};
		818381752B462130001C261E /* Debug */ = {
			isa = XCBuildConfiguration;
			buildSettings = {
				ASSETCATALOG_COMPILER_APPICON_NAME = AppIcon;
				ASSETCATALOG_COMPILER_GLOBAL_ACCENT_COLOR_NAME = AccentColor;
				ASSETCATALOG_COMPILER_INCLUDE_ALL_APPICON_ASSETS = YES;
				CODE_SIGN_STYLE = Automatic;
				CURRENT_PROJECT_VERSION = 1;
				DEVELOPMENT_TEAM = 89CKCN9RLX;
				GENERATE_INFOPLIST_FILE = YES;
				INFOPLIST_FILE = GitFollowers/Info.plist;
				INFOPLIST_KEY_UIApplicationSupportsIndirectInputEvents = YES;
				INFOPLIST_KEY_UILaunchStoryboardName = LaunchScreen;
				INFOPLIST_KEY_UISupportedInterfaceOrientations_iPad = "UIInterfaceOrientationPortrait UIInterfaceOrientationPortraitUpsideDown UIInterfaceOrientationLandscapeLeft UIInterfaceOrientationLandscapeRight";
				INFOPLIST_KEY_UISupportedInterfaceOrientations_iPhone = "UIInterfaceOrientationPortrait UIInterfaceOrientationLandscapeLeft UIInterfaceOrientationLandscapeRight";
				LD_RUNPATH_SEARCH_PATHS = (
					"$(inherited)",
					"@executable_path/Frameworks",
				);
				MARKETING_VERSION = 1.0;
				PRODUCT_BUNDLE_IDENTIFIER = com.kodirbek.GitFollowers;
				PRODUCT_NAME = "$(TARGET_NAME)";
				SWIFT_EMIT_LOC_STRINGS = YES;
				SWIFT_VERSION = 5.0;
				TARGETED_DEVICE_FAMILY = "1,2";
			};
			name = Debug;
		};
		818381762B462130001C261E /* Release */ = {
			isa = XCBuildConfiguration;
			buildSettings = {
				ASSETCATALOG_COMPILER_APPICON_NAME = AppIcon;
				ASSETCATALOG_COMPILER_GLOBAL_ACCENT_COLOR_NAME = AccentColor;
				ASSETCATALOG_COMPILER_INCLUDE_ALL_APPICON_ASSETS = YES;
				CODE_SIGN_STYLE = Automatic;
				CURRENT_PROJECT_VERSION = 1;
				DEVELOPMENT_TEAM = 89CKCN9RLX;
				GENERATE_INFOPLIST_FILE = YES;
				INFOPLIST_FILE = GitFollowers/Info.plist;
				INFOPLIST_KEY_UIApplicationSupportsIndirectInputEvents = YES;
				INFOPLIST_KEY_UILaunchStoryboardName = LaunchScreen;
				INFOPLIST_KEY_UISupportedInterfaceOrientations_iPad = "UIInterfaceOrientationPortrait UIInterfaceOrientationPortraitUpsideDown UIInterfaceOrientationLandscapeLeft UIInterfaceOrientationLandscapeRight";
				INFOPLIST_KEY_UISupportedInterfaceOrientations_iPhone = "UIInterfaceOrientationPortrait UIInterfaceOrientationLandscapeLeft UIInterfaceOrientationLandscapeRight";
				LD_RUNPATH_SEARCH_PATHS = (
					"$(inherited)",
					"@executable_path/Frameworks",
				);
				MARKETING_VERSION = 1.0;
				PRODUCT_BUNDLE_IDENTIFIER = com.kodirbek.GitFollowers;
				PRODUCT_NAME = "$(TARGET_NAME)";
				SWIFT_EMIT_LOC_STRINGS = YES;
				SWIFT_VERSION = 5.0;
				TARGETED_DEVICE_FAMILY = "1,2";
			};
			name = Release;
		};
/* End XCBuildConfiguration section */

/* Begin XCConfigurationList section */
		8183815B2B46212A001C261E /* Build configuration list for PBXProject "GitFollowers" */ = {
			isa = XCConfigurationList;
			buildConfigurations = (
				818381722B462130001C261E /* Debug */,
				818381732B462130001C261E /* Release */,
			);
			defaultConfigurationIsVisible = 0;
			defaultConfigurationName = Release;
		};
		818381742B462130001C261E /* Build configuration list for PBXNativeTarget "GitFollowers" */ = {
			isa = XCConfigurationList;
			buildConfigurations = (
				818381752B462130001C261E /* Debug */,
				818381762B462130001C261E /* Release */,
			);
			defaultConfigurationIsVisible = 0;
			defaultConfigurationName = Release;
		};
/* End XCConfigurationList section */
	};
	rootObject = 818381582B46212A001C261E /* Project object */;
}
